
Microsoft Visual Studio Solution File, Format Version 12.00
# Visual Studio Version 17
VisualStudioVersion = 17.14.36623.8 d17.14
MinimumVisualStudioVersion = 10.0.40219.1
Project("{FAE04EC0-301F-11D3-BF4B-00C04F79EFBC}") = "LibrarySystemLib", "LibrarySystemLib\LibrarySystemLib.csproj", "{CFEF5E4F-660C-4914-880A-D3B0D0435D1C}"
EndProject
Project("{FAE04EC0-301F-11D3-BF4B-00C04F79EFBC}") = "LibraryBorrowingSystemApp", "LibraryBorrowingSystemApp\LibraryBorrowingSystemApp.csproj", "{EEE5FEF6-DEB3-4B39-B54A-B0C82F07C686}"
EndProject
Global
	GlobalSection(SolutionConfigurationPlatforms) = preSolution
		Debug|Any CPU = Debug|Any CPU
		Release|Any CPU = Release|Any CPU
	EndGlobalSection
	GlobalSection(ProjectConfigurationPlatforms) = postSolution
		{CFEF5E4F-660C-4914-880A-D3B0D0435D1C}.Debug|Any CPU.ActiveCfg = Debug|Any CPU
		{CFEF5E4F-660C-4914-880A-D3B0D0435D1C}.Debug|Any CPU.Build.0 = Debug|Any CPU
		{CFEF5E4F-660C-4914-880A-D3B0D0435D1C}.Release|Any CPU.ActiveCfg = Release|Any CPU
		{CFEF5E4F-660C-4914-880A-D3B0D0435D1C}.Release|Any CPU.Build.0 = Release|Any CPU
		{EEE5FEF6-DEB3-4B39-B54A-B0C82F07C686}.Debug|Any CPU.ActiveCfg = Debug|Any CPU
		{EEE5FEF6-DEB3-4B39-B54A-B0C82F07C686}.Debug|Any CPU.Build.0 = Debug|Any CPU
		{EEE5FEF6-DEB3-4B39-B54A-B0C82F07C686}.Release|Any CPU.ActiveCfg = Release|Any CPU
		{EEE5FEF6-DEB3-4B39-B54A-B0C82F07C686}.Release|Any CPU.Build.0 = Release|Any CPU
	EndGlobalSection
	GlobalSection(SolutionProperties) = preSolution
		HideSolutionNode = FALSE
	EndGlobalSection
	GlobalSection(ExtensibilityGlobals) = postSolution
		SolutionGuid = {33CF3A9D-C00C-4F4E-A8D4-D8DCA8D70EB2}
	EndGlobalSection
EndGlobal
